
Microsoft Visual Studio Solution File, Format Version 12.00
# Visual Studio Version 16
VisualStudioVersion = 16.0.30330.147
MinimumVisualStudioVersion = 10.0.40219.1
Project("{FAE04EC0-301F-11D3-BF4B-00C04F79EFBC}") = "Lab2", "Lab2\Lab2.csproj", "{2663CB2D-A7B6-4EA7-AEE5-B9769D85EE0C}"
EndProject
Global
	GlobalSection(SolutionConfigurationPlatforms) = preSolution
		Debug|Any CPU = Debug|Any CPU
		Release|Any CPU = Release|Any CPU
	EndGlobalSection
	GlobalSection(ProjectConfigurationPlatforms) = postSolution
		{2663CB2D-A7B6-4EA7-AEE5-B9769D85EE0C}.Debug|Any CPU.ActiveCfg = Debug|Any CPU
		{2663CB2D-A7B6-4EA7-AEE5-B9769D85EE0C}.Debug|Any CPU.Build.0 = Debug|Any CPU
		{2663CB2D-A7B6-4EA7-AEE5-B9769D85EE0C}.Release|Any CPU.ActiveCfg = Release|Any CPU
		{2663CB2D-A7B6-4EA7-AEE5-B9769D85EE0C}.Release|Any CPU.Build.0 = Release|Any CPU
	EndGlobalSection
	GlobalSection(SolutionProperties) = preSolution
		HideSolutionNode = FALSE
	EndGlobalSection
	GlobalSection(ExtensibilityGlobals) = postSolution
		SolutionGuid = {59B3B43A-902B-4BB5-9E70-162AB5372176}
	EndGlobalSection
EndGlobal
